Cloud Database Indexing Code Review Predictive Analytics Difficult roads often lead to beautiful destinations.
Success is how high you bounce when you hit bottom. DNS Routing The only way to do great work is to love what you do. Innovation distinguishes between a leader and a follower. UX Optimization Server Response Work hard in silence, let your success be your noise. Dream big and dare to fail. Cloud Code Review Database Indexing If you can dream it, you can do it. Quantum Computing
